// !$*UTF8*$!
{
	archiveVersion = 1;
	classes = {
	};
	objectVersion = 50;
	objects = {

/* Begin PBXBuildFile section */
		F67774132508FACE00DA6BEF /* SE_item.mp3 in Resources */ = {isa = PBXBuildFile; fileRef = F67774122508FACE00DA6BEF /* SE_item.mp3 */; };
		F67774152508FC1000DA6BEF /* SE_gameover.mp3 in Resources */ = {isa = PBXBuildFile; fileRef = F67774142508FC1000DA6BEF /* SE_gameover.mp3 */; };
		F677741B250915CC00DA6BEF /* wood_note.mp3 in Resources */ = {isa = PBXBuildFile; fileRef = F677741A250915CC00DA6BEF /* wood_note.mp3 */; };
		F6E05B5624F73C52000D7CCE /* AppDelegate.swift in Sources */ = {isa = PBXBuildFile; fileRef = F6E05B5524F73C52000D7CCE /* AppDelegate.swift */; };
		F6E05B5824F73C52000D7CCE /* SceneDelegate.swift in Sources */ = {isa = PBXBuildFile; fileRef = F6E05B5724F73C52000D7CCE /* SceneDelegate.swift */; };
		F6E05B5A24F73C52000D7CCE /* ViewController.swift in Sources */ = {isa = PBXBuildFile; fileRef = F6E05B5924F73C52000D7CCE /* ViewController.swift */; };
		F6E05B5D24F73C52000D7CCE /* Main.storyboard in Resources */ = {isa = PBXBuildFile; fileRef = F6E05B5B24F73C52000D7CCE /* Main.storyboard */; };
		F6E05B5F24F73C56000D7CCE /* Assets.xcassets in Resources */ = {isa = PBXBuildFile; fileRef = F6E05B5E24F73C56000D7CCE /* Assets.xcassets */; };
		F6E05B6224F73C56000D7CCE /* LaunchScreen.storyboard in Resources */ = {isa = PBXBuildFile; fileRef = F6E05B6024F73C56000D7CCE /* LaunchScreen.storyboard */; };
		F6E05B6A24F74AC6000D7CCE /* GameScene.swift in Sources */ = {isa = PBXBuildFile; fileRef = F6E05B6924F74AC6000D7CCE /* GameScene.swift */; };
/* End PBXBuildFile section */

/* Begin PBXFileReference section */
		F67774122508FACE00DA6BEF /* SE_item.mp3 */ = {isa = PBXFileReference; lastKnownFileType = audio.mp3; path = SE_item.mp3; sourceTree = "<group>"; };
		F67774142508FC1000DA6BEF /* SE_gameover.mp3 */ = {isa = PBXFileReference; lastKnownFileType = audio.mp3; name = SE_gameover.mp3; path = sound/SE_gameover.mp3; sourceTree = SOURCE_ROOT; };
		F677741A250915CC00DA6BEF /* wood_note.mp3 */ = {isa = PBXFileReference; lastKnownFileType = audio.mp3; path = wood_note.mp3; sourceTree = "<group>"; };
		F6E05B5224F73C51000D7CCE /* FlappyBird.app */ = {isa = PBXFileReference; explicitFileType = wrapper.application; includeInIndex = 0; path = FlappyBird.app; sourceTree = BUILT_PRODUCTS_DIR; };
		F6E05B5524F73C52000D7CCE /* AppDelegate.swift */ = {isa = PBXFileReference; lastKnownFileType = sourcecode.swift; path = AppDelegate.swift; sourceTree = "<group>"; };
		F6E05B5724F73C52000D7CCE /* SceneDelegate.swift */ = {isa = PBXFileReference; lastKnownFileType = sourcecode.swift; path = SceneDelegate.swift; sourceTree = "<group>"; };
		F6E05B5924F73C52000D7CCE /* ViewController.swift */ = {isa = PBXFileReference; lastKnownFileType = sourcecode.swift; path = ViewController.swift; sourceTree = "<group>"; };
		F6E05B5C24F73C52000D7CCE /* Base */ = {isa = PBXFileReference; lastKnownFileType = file.storyboard; name = Base; path = Base.lproj/Main.storyboard; sourceTree = "<group>"; };
		F6E05B5E24F73C56000D7CCE /* Assets.xcassets */ = {isa = PBXFileReference; lastKnownFileType = folder.assetcatalog; path = Assets.xcassets; sourceTree = "<group>"; };
		F6E05B6124F73C56000D7CCE /* Base */ = {isa = PBXFileReference; lastKnownFileType = file.storyboard; name = Base; path = Base.lproj/LaunchScreen.storyboard; sourceTree = "<group>"; };
		F6E05B6324F73C56000D7CCE /* Info.plist */ = {isa = PBXFileReference; lastKnownFileType = text.plist.xml; path = Info.plist; sourceTree = "<group>"; };
		F6E05B6924F74AC6000D7CCE /* GameScene.swift */ = {isa = PBXFileReference; lastKnownFileType = sourcecode.swift; path = GameScene.swift; sourceTree = "<group>"; };
/* End PBXFileReference section */

/* Begin PBXFrameworksBuildPhase section */
		F6E05B4F24F73C51000D7CCE /* Frameworks */ = {
			isa = PBXFrameworksBuildPhase;
			buildActionMask = 2147483647;
			files = (
			);
			runOnlyForDeploymentPostprocessing = 0;
		};
/* End PBXFrameworksBuildPhase section */

/* Begin PBXGroup section */
		F6E05B4924F73C51000D7CCE = {
			isa = PBXGroup;
			children = (
				F6E05B5424F73C51000D7CCE /* FlappyBird */,
				F6E05B5324F73C51000D7CCE /* Products */,
			);
			sourceTree = "<group>";
		};
		F6E05B5324F73C51000D7CCE /* Products */ = {
			isa = PBXGroup;
			children = (
				F6E05B5224F73C51000D7CCE /* FlappyBird.app */,
			);
			name = Products;
			sourceTree = "<group>";
		};
		F6E05B5424F73C51000D7CCE /* FlappyBird */ = {
			isa = PBXGroup;
			children = (
				F6E05B5524F73C52000D7CCE /* AppDelegate.swift */,
				F6E05B5724F73C52000D7CCE /* SceneDelegate.swift */,
				F6E05B5924F73C52000D7CCE /* ViewController.swift */,
				F6E05B6924F74AC6000D7CCE /* GameScene.swift */,
				F6E05B5B24F73C52000D7CCE /* Main.storyboard */,
				F6E05B5E24F73C56000D7CCE /* Assets.xcassets */,
				F6E05B6024F73C56000D7CCE /* LaunchScreen.storyboard */,
				F6E05B6324F73C56000D7CCE /* Info.plist */,
				F677741A250915CC00DA6BEF /* wood_note.mp3 */,
				F67774122508FACE00DA6BEF /* SE_item.mp3 */,
				F67774142508FC1000DA6BEF /* SE_gameover.mp3 */,
			);
			path = FlappyBird;
			sourceTree = "<group>";
		};
/* End PBXGroup section */

/* Begin PBXNativeTarget section */
		F6E05B5124F73C51000D7CCE /* FlappyBird */ = {
			isa = PBXNativeTarget;
			buildConfigurationList = F6E05B6624F73C56000D7CCE /* Build configuration list for PBXNativeTarget "FlappyBird" */;
			buildPhases = (
				F6E05B4E24F73C51000D7CCE /* Sources */,
				F6E05B4F24F73C51000D7CCE /* Frameworks */,
				F6E05B5024F73C51000D7CCE /* Resources */,
			);
			buildRules = (
			);
			dependencies = (
			);
			name = FlappyBird;
			productName = FlappyBird;
			productReference = F6E05B5224F73C51000D7CCE /* FlappyBird.app */;
			productType = "com.apple.product-type.application";
		};
/* End PBXNativeTarget section */

/* Begin PBXProject section */
		F6E05B4A24F73C51000D7CCE /* Project object */ = {
			isa = PBXProject;
			attributes = {
				LastSwiftUpdateCheck = 1150;
				LastUpgradeCheck = 1150;
				ORGANIZATIONNAME = yoko.sato;
				TargetAttributes = {
					F6E05B5124F73C51000D7CCE = {
						CreatedOnToolsVersion = 11.5;
					};
				};
			};
			buildConfigurationList = F6E05B4D24F73C51000D7CCE /* Build configuration list for PBXProject "FlappyBird" */;
			compatibilityVersion = "Xcode 9.3";
			developmentRegion = en;
			hasScannedForEncodings = 0;
			knownRegions = (
				en,
				Base,
			);
			mainGroup = F6E05B4924F73C51000D7CCE;
			productRefGroup = F6E05B5324F73C51000D7CCE /* Products */;
			projectDirPath = "";
			projectRoot = "";
			targets = (
				F6E05B5124F73C51000D7CCE /* FlappyBird */,
			);
		};
/* End PBXProject section */

/* Begin PBXResourcesBuildPhase section */
		F6E05B5024F73C51000D7CCE /* Resources */ = {
			isa = PBXResourcesBuildPhase;
			buildActionMask = 2147483647;
			files = (
				F67774152508FC1000DA6BEF /* SE_gameover.mp3 in Resources */,
				F677741B250915CC00DA6BEF /* wood_note.mp3 in Resources */,
				F6E05B6224F73C56000D7CCE /* LaunchScreen.storyboard in Resources */,
				F6E05B5F24F73C56000D7CCE /* Assets.xcassets in Resources */,
				F67774132508FACE00DA6BEF /* SE_item.mp3 in Resources */,
				F6E05B5D24F73C52000D7CCE /* Main.storyboard in Resources */,
			);
			runOnlyForDeploymentPostprocessing = 0;
		};
/* End PBXResourcesBuildPhase section */

/* Begin PBXSourcesBuildPhase section */
		F6E05B4E24F73C51000D7CCE /* Sources */ = {
			isa = PBXSourcesBuildPhase;
			buildActionMask = 2147483647;
			files = (
				F6E05B5A24F73C52000D7CCE /* ViewController.swift in Sources */,
				F6E05B5624F73C52000D7CCE /* AppDelegate.swift in Sources */,
				F6E05B6A24F74AC6000D7CCE /* GameScene.swift in Sources */,
				F6E05B5824F73C52000D7CCE /* SceneDelegate.swift in Sources */,
			);
			runOnlyForDeploymentPostprocessing = 0;
		};
/* End PBXSourcesBuildPhase section */

/* Begin PBXVariantGroup section */
		F6E05B5B24F73C52000D7CCE /* Main.storyboard */ = {
			isa = PBXVariantGroup;
			children = (
				F6E05B5C24F73C52000D7CCE /* Base */,
			);
			name = Main.storyboard;
			sourceTree = "<group>";
		};
		F6E05B6024F73C56000D7CCE /* LaunchScreen.storyboard */ = {
			isa = PBXVariantGroup;
			children = (
				F6E05B6124F73C56000D7CCE /* Base */,
			);
			name = LaunchScreen.storyboard;
			sourceTree = "<group>";
		};
/* End PBXVariantGroup section */

/* Begin XCBuildConfiguration section */
		F6E05B6424F73C56000D7CCE /* Debug */ = {
			isa = XCBuildConfiguration;
			buildSettings = {
				ALWAYS_SEARCH_USER_PATHS = NO;
				CLANG_ANALYZER_NONNULL = YES;
				CLANG_ANALYZER_NUMBER_OBJECT_CONVERSION = YES_AGGRESSIVE;
				CLANG_CXX_LANGUAGE_STANDARD = "gnu++14";
				CLANG_CXX_LIBRARY = "libc++";
				CLANG_ENABLE_MODULES = YES;
				CLANG_ENABLE_OBJC_ARC = YES;
				CLANG_ENABLE_OBJC_WEAK = YES;
				CLANG_WARN_BLOCK_CAPTURE_AUTORELEASING = YES;
				CLANG_WARN_BOOL_CONVERSION = YES;
				CLANG_WARN_COMMA = YES;
				CLANG_WARN_CONSTANT_CONVERSION = YES;
				CLANG_WARN_DEPRECATED_OBJC_IMPLEMENTATIONS = YES;
				CLANG_WARN_DIRECT_OBJC_ISA_USAGE = YES_ERROR;
				CLANG_WARN_DOCUMENTATION_COMMENTS = YES;
				CLANG_WARN_EMPTY_BODY = YES;
				CLANG_WARN_ENUM_CONVERSION = YES;
				CLANG_WARN_INFINITE_RECURSION = YES;
				CLANG_WARN_INT_CONVERSION = YES;
				CLANG_WARN_NON_LITERAL_NULL_CONVERSION = YES;
				CLANG_WARN_OBJC_IMPLICIT_RETAIN_SELF = YES;
				CLANG_WARN_OBJC_LITERAL_CONVERSION = YES;
				CLANG_WARN_OBJC_ROOT_CLASS = YES_ERROR;
				CLANG_WARN_RANGE_LOOP_ANALYSIS = YES;
				CLANG_WARN_STRICT_PROTOTYPES = YES;
				CLANG_WARN_SUSPICIOUS_MOVE = YES;
				CLANG_WARN_UNGUARDED_AVAILABILITY = YES_AGGRESSIVE;
				CLANG_WARN_UNREACHABLE_CODE = YES;
				CLANG_WARN__DUPLICATE_METHOD_MATCH = YES;
				COPY_PHASE_STRIP = NO;
				DEBUG_INFORMATION_FORMAT = dwarf;
				ENABLE_STRICT_OBJC_MSGSEND = YES;
				ENABLE_TESTABILITY = YES;
				GCC_C_LANGUAGE_STANDARD = gnu11;
				GCC_DYNAMIC_NO_PIC = NO;
				GCC_NO_COMMON_BLOCKS = YES;
				GCC_OPTIMIZATION_LEVEL = 0;
				GCC_PREPROCESSOR_DEFINITIONS = (
					"DEBUG=1",
					"$(inherited)",
				);
				GCC_WARN_64_TO_32_BIT_CONVERSION = YES;
				GCC_WARN_ABOUT_RETURN_TYPE = YES_ERROR;
				GCC_WARN_UNDECLARED_SELECTOR = YES;
				GCC_WARN_UNINITIALIZED_AUTOS = YES_AGGRESSIVE;
				GCC_WARN_UNUSED_FUNCTION = YES;
				GCC_WARN_UNUSED_VARIABLE = YES;
				IPHONEOS_DEPLOYMENT_TARGET = 13.5;
				MTL_ENABLE_DEBUG_INFO = INCLUDE_SOURCE;
				MTL_FAST_MATH = YES;
				ONLY_ACTIVE_ARCH = YES;
				SDKROOT = iphoneos;
				SWIFT_ACTIVE_COMPILATION_CONDITIONS = DEBUG;
				SWIFT_OPTIMIZATION_LEVEL = "-Onone";
			};
			name = Debug;
		};
		F6E05B6524F73C56000D7CCE /* Release */ = {
			isa = XCBuildConfiguration;
			buildSettings = {
				ALWAYS_SEARCH_USER_PATHS = NO;
				CLANG_ANALYZER_NONNULL = YES;
				CLANG_ANALYZER_NUMBER_OBJECT_CONVERSION = YES_AGGRESSIVE;
				CLANG_CXX_LANGUAGE_STANDARD = "gnu++14";
				CLANG_CXX_LIBRARY = "libc++";
				CLANG_ENABLE_MODULES = YES;
				CLANG_ENABLE_OBJC_ARC = YES;
				CLANG_ENABLE_OBJC_WEAK = YES;
				CLANG_WARN_BLOCK_CAPTURE_AUTORELEASING = YES;
				CLANG_WARN_BOOL_CONVERSION = YES;
				CLANG_WARN_COMMA = YES;
				CLANG_WARN_CONSTANT_CONVERSION = YES;
				CLANG_WARN_DEPRECATED_OBJC_IMPLEMENTATIONS = YES;
				CLANG_WARN_DIRECT_OBJC_ISA_USAGE = YES_ERROR;
				CLANG_WARN_DOCUMENTATION_COMMENTS = YES;
				CLANG_WARN_EMPTY_BODY = YES;
				CLANG_WARN_ENUM_CONVERSION = YES;
				CLANG_WARN_INFINITE_RECURSION = YES;
				CLANG_WARN_INT_CONVERSION = YES;
				CLANG_WARN_NON_LITERAL_NULL_CONVERSION = YES;
				CLANG_WARN_OBJC_IMPLICIT_RETAIN_SELF = YES;
				CLANG_WARN_OBJC_LITERAL_CONVERSION = YES;
				CLANG_WARN_OBJC_ROOT_CLASS = YES_ERROR;
				CLANG_WARN_RANGE_LOOP_ANALYSIS = YES;
				CLANG_WARN_STRICT_PROTOTYPES = YES;
				CLANG_WARN_SUSPICIOUS_MOVE = YES;
				CLANG_WARN_UNGUARDED_AVAILABILITY = YES_AGGRESSIVE;
				CLANG_WARN_UNREACHABLE_CODE = YES;
				CLANG_WARN__DUPLICATE_METHOD_MATCH = YES;
				COPY_PHASE_STRIP = NO;
				DEBUG_INFORMATION_FORMAT = "dwarf-with-dsym";
				ENABLE_NS_ASSERTIONS = NO;
				ENABLE_STRICT_OBJC_MSGSEND = YES;
				GCC_C_LANGUAGE_STANDARD = gnu11;
				GCC_NO_COMMON_BLOCKS = YES;
				GCC_WARN_64_TO_32_BIT_CONVERSION = YES;
				GCC_WARN_ABOUT_RETURN_TYPE = YES_ERROR;
				GCC_WARN_UNDECLARED_SELECTOR = YES;
				GCC_WARN_UNINITIALIZED_AUTOS = YES_AGGRESSIVE;
				GCC_WARN_UNUSED_FUNCTION = YES;
				GCC_WARN_UNUSED_VARIABLE = YES;
				IPHONEOS_DEPLOYMENT_TARGET = 13.5;
				MTL_ENABLE_DEBUG_INFO = NO;
				MTL_FAST_MATH = YES;
				SDKROOT = iphoneos;
				SWIFT_COMPILATION_MODE = wholemodule;
				SWIFT_OPTIMIZATION_LEVEL = "-O";
				VALIDATE_PRODUCT = YES;
			};
			name = Release;
		};
		F6E05B6724F73C56000D7CCE /* Debug */ = {
			isa = XCBuildConfiguration;
			buildSettings = {
				ASSETCATALOG_COMPILER_APPICON_NAME = AppIcon;
				CODE_SIGN_STYLE = Automatic;
				INFOPLIST_FILE = FlappyBird/Info.plist;
				LD_RUNPATH_SEARCH_PATHS = (
					"$(inherited)",
					"@executable_path/Frameworks",
				);
				PRODUCT_BUNDLE_IDENTIFIER = jp.techacademy.yoko.sato.FlappyBird;
				PRODUCT_NAME = "$(TARGET_NAME)";
				SWIFT_VERSION = 5.0;
				TARGETED_DEVICE_FAMILY = 1;
			};
			name = Debug;
		};
		F6E05B6824F73C56000D7CCE /* Release */ = {
			isa = XCBuildConfiguration;
			buildSettings = {
				ASSETCATALOG_COMPILER_APPICON_NAME = AppIcon;
				CODE_SIGN_STYLE = Automatic;
				INFOPLIST_FILE = FlappyBird/Info.plist;
				LD_RUNPATH_SEARCH_PATHS = (
					"$(inherited)",
					"@executable_path/Frameworks",
				);
				PRODUCT_BUNDLE_IDENTIFIER = jp.techacademy.yoko.sato.FlappyBird;
				PRODUCT_NAME = "$(TARGET_NAME)";
				SWIFT_VERSION = 5.0;
				TARGETED_DEVICE_FAMILY = 1;
			};
			name = Release;
		};
/* End XCBuildConfiguration section */

/* Begin XCConfigurationList section */
		F6E05B4D24F73C51000D7CCE /* Build configuration list for PBXProject "FlappyBird" */ = {
			isa = XCConfigurationList;
			buildConfigurations = (
				F6E05B6424F73C56000D7CCE /* Debug */,
				F6E05B6524F73C56000D7CCE /* Release */,
			);
			defaultConfigurationIsVisible = 0;
			defaultConfigurationName = Release;
		};
		F6E05B6624F73C56000D7CCE /* Build configuration list for PBXNativeTarget "FlappyBird" */ = {
			isa = XCConfigurationList;
			buildConfigurations = (
				F6E05B6724F73C56000D7CCE /* Debug */,
				F6E05B6824F73C56000D7CCE /* Release */,
			);
			defaultConfigurationIsVisible = 0;
			defaultConfigurationName = Release;
		};
/* End XCConfigurationList section */
	};
	rootObject = F6E05B4A24F73C51000D7CCE /* Project object */;
}
